
Microsoft Visual Studio Solution File, Format Version 12.00
# Visual Studio Version 17
VisualStudioVersion = 17.11.35222.181
MinimumVisualStudioVersion = 10.0.40219.1
Project("{FAE04EC0-301F-11D3-BF4B-00C04F79EFBC}") = "Lab_02", "Lab_02\Lab_02.csproj", "{FE947B99-549B-43E3-9DDE-912A1193F784}"
EndProject
Global
	GlobalSection(SolutionConfigurationPlatforms) = preSolution
		Debug|Any CPU = Debug|Any CPU
		Release|Any CPU = Release|Any CPU
	EndGlobalSection
	GlobalSection(ProjectConfigurationPlatforms) = postSolution
		{FE947B99-549B-43E3-9DDE-912A1193F784}.Debug|Any CPU.ActiveCfg = Debug|Any CPU
		{FE947B99-549B-43E3-9DDE-912A1193F784}.Debug|Any CPU.Build.0 = Debug|Any CPU
		{FE947B99-549B-43E3-9DDE-912A1193F784}.Release|Any CPU.ActiveCfg = Release|Any CPU
		{FE947B99-549B-43E3-9DDE-912A1193F784}.Release|Any CPU.Build.0 = Release|Any CPU
	EndGlobalSection
	GlobalSection(SolutionProperties) = preSolution
		HideSolutionNode = FALSE
	EndGlobalSection
	GlobalSection(ExtensibilityGlobals) = postSolution
		SolutionGuid = {9A314ABD-4D74-4278-8F9D-2A96FFB66432}
	EndGlobalSection
EndGlobal
