
Microsoft Visual Studio Solution File, Format Version 12.00
# Visual Studio Version 17
VisualStudioVersion = 17.13.35825.156 d17.13
MinimumVisualStudioVersion = 10.0.40219.1
Project("{FAE04EC0-301F-11D3-BF4B-00C04F79EFBC}") = "Lab_01", "Lab_01\Lab_01.csproj", "{5F2A7037-B479-4AA6-8CEE-60881FDA7B51}"
EndProject
Global
	GlobalSection(SolutionConfigurationPlatforms) = preSolution
		Debug|Any CPU = Debug|Any CPU
		Release|Any CPU = Release|Any CPU
	EndGlobalSection
	GlobalSection(ProjectConfigurationPlatforms) = postSolution
		{5F2A7037-B479-4AA6-8CEE-60881FDA7B51}.Debug|Any CPU.ActiveCfg = Debug|Any CPU
		{5F2A7037-B479-4AA6-8CEE-60881FDA7B51}.Debug|Any CPU.Build.0 = Debug|Any CPU
		{5F2A7037-B479-4AA6-8CEE-60881FDA7B51}.Release|Any CPU.ActiveCfg = Release|Any CPU
		{5F2A7037-B479-4AA6-8CEE-60881FDA7B51}.Release|Any CPU.Build.0 = Release|Any CPU
	EndGlobalSection
	GlobalSection(SolutionProperties) = preSolution
		HideSolutionNode = FALSE
	EndGlobalSection
	GlobalSection(ExtensibilityGlobals) = postSolution
		SolutionGuid = {5C66B77B-4771-46C8-ABE6-AD1C9C1204A3}
	EndGlobalSection
EndGlobal
